
Microsoft Visual Studio Solution File, Format Version 12.00
# Visual Studio Version 17
VisualStudioVersion = 17.5.33502.453
MinimumVisualStudioVersion = 10.0.40219.1
Project("{9A19103F-16F7-4668-BE54-9A1E7A4F7556}") = "MCPhase3", "MCPhase3.csproj", "{37AE13AA-5DC6-4B57-94FD-CE602EF3B571}"
EndProject
Global
	GlobalSection(SolutionConfigurationPlatforms) = preSolution
		Debug|Any CPU = Debug|Any CPU
		Release|Any CPU = Release|Any CPU
	EndGlobalSection
	GlobalSection(ProjectConfigurationPlatforms) = postSolution
		{37AE13AA-5DC6-4B57-94FD-CE602EF3B571}.Debug|Any CPU.ActiveCfg = Debug|Any CPU
		{37AE13AA-5DC6-4B57-94FD-CE602EF3B571}.Debug|Any CPU.Build.0 = Debug|Any CPU
		{37AE13AA-5DC6-4B57-94FD-CE602EF3B571}.Release|Any CPU.ActiveCfg = Release|Any CPU
		{37AE13AA-5DC6-4B57-94FD-CE602EF3B571}.Release|Any CPU.Build.0 = Release|Any CPU
	EndGlobalSection
	GlobalSection(SolutionProperties) = preSolution
		HideSolutionNode = FALSE
	EndGlobalSection
	GlobalSection(ExtensibilityGlobals) = postSolution
		SolutionGuid = {DA78DF8B-594C-4D11-84FA-8175F4E85A2A}
	EndGlobalSection
EndGlobal
